
Microsoft Visual Studio Solution File, Format Version 12.00
# Visual Studio Version 16
VisualStudioVersion = 16.0.31624.102
MinimumVisualStudioVersion = 10.0.40219.1
Project("{FAE04EC0-301F-11D3-BF4B-00C04F79EFBC}") = "TimeDiff", "TimeDiff\TimeDiff.csproj", "{C58202B6-77A9-4F07-A8F9-70FB6E1307F1}"
EndProject
Global
	GlobalSection(SolutionConfigurationPlatforms) = preSolution
		Debug|Any CPU = Debug|Any CPU
		Release|Any CPU = Release|Any CPU
	EndGlobalSection
	GlobalSection(ProjectConfigurationPlatforms) = postSolution
		{C58202B6-77A9-4F07-A8F9-70FB6E1307F1}.Debug|Any CPU.ActiveCfg = Debug|Any CPU
		{C58202B6-77A9-4F07-A8F9-70FB6E1307F1}.Debug|Any CPU.Build.0 = Debug|Any CPU
		{C58202B6-77A9-4F07-A8F9-70FB6E1307F1}.Release|Any CPU.ActiveCfg = Release|Any CPU
		{C58202B6-77A9-4F07-A8F9-70FB6E1307F1}.Release|Any CPU.Build.0 = Release|Any CPU
	EndGlobalSection
	GlobalSection(SolutionProperties) = preSolution
		HideSolutionNode = FALSE
	EndGlobalSection
	GlobalSection(ExtensibilityGlobals) = postSolution
		SolutionGuid = {09BE3FC3-1D06-43C7-8376-9B81FC570352}
	EndGlobalSection
EndGlobal
